
Microsoft Visual Studio Solution File, Format Version 12.00
# Visual Studio Version 17
VisualStudioVersion = 17.3.32901.215
MinimumVisualStudioVersion = 10.0.40219.1
Project("{9A19103F-16F7-4668-BE54-9A1E7A4F7556}") = "WpfMessengerClient", "WpfMessengerClient\WpfMessengerClient.csproj", "{5406864E-1678-407D-9EC2-6B90735D8E7B}"
EndProject
Project("{9A19103F-16F7-4668-BE54-9A1E7A4F7556}") = "ConsoleMessengerServer", "ConsoleMessengerServer\ConsoleMessengerServer.csproj", "{ED046568-27C5-4F8A-871E-F52FCCAF9B2F}"
EndProject
Project("{9A19103F-16F7-4668-BE54-9A1E7A4F7556}") = "Common", "Common\Common.csproj", "{38D0DDFE-30EE-4D52-A09C-8E25D9331E8B}"
EndProject
Global
	GlobalSection(SolutionConfigurationPlatforms) = preSolution
		Debug|Any CPU = Debug|Any CPU
		Release|Any CPU = Release|Any CPU
	EndGlobalSection
	GlobalSection(ProjectConfigurationPlatforms) = postSolution
		{5406864E-1678-407D-9EC2-6B90735D8E7B}.Debug|Any CPU.ActiveCfg = Debug|Any CPU
		{5406864E-1678-407D-9EC2-6B90735D8E7B}.Debug|Any CPU.Build.0 = Debug|Any CPU
		{5406864E-1678-407D-9EC2-6B90735D8E7B}.Release|Any CPU.ActiveCfg = Release|Any CPU
		{5406864E-1678-407D-9EC2-6B90735D8E7B}.Release|Any CPU.Build.0 = Release|Any CPU
		{ED046568-27C5-4F8A-871E-F52FCCAF9B2F}.Debug|Any CPU.ActiveCfg = Debug|Any CPU
		{ED046568-27C5-4F8A-871E-F52FCCAF9B2F}.Debug|Any CPU.Build.0 = Debug|Any CPU
		{ED046568-27C5-4F8A-871E-F52FCCAF9B2F}.Release|Any CPU.ActiveCfg = Release|Any CPU
		{ED046568-27C5-4F8A-871E-F52FCCAF9B2F}.Release|Any CPU.Build.0 = Release|Any CPU
		{38D0DDFE-30EE-4D52-A09C-8E25D9331E8B}.Debug|Any CPU.ActiveCfg = Debug|Any CPU
		{38D0DDFE-30EE-4D52-A09C-8E25D9331E8B}.Debug|Any CPU.Build.0 = Debug|Any CPU
		{38D0DDFE-30EE-4D52-A09C-8E25D9331E8B}.Release|Any CPU.ActiveCfg = Release|Any CPU
		{38D0DDFE-30EE-4D52-A09C-8E25D9331E8B}.Release|Any CPU.Build.0 = Release|Any CPU
	EndGlobalSection
	GlobalSection(SolutionProperties) = preSolution
		HideSolutionNode = FALSE
	EndGlobalSection
	GlobalSection(ExtensibilityGlobals) = postSolution
		SolutionGuid = {5207350E-46E9-4139-855C-20743E745E3D}
	EndGlobalSection
EndGlobal
